
Microsoft Visual Studio Solution File, Format Version 12.00
# Visual Studio 15
VisualStudioVersion = 15.0.27004.2006
MinimumVisualStudioVersion = 10.0.40219.1
Project("{FAE04EC0-301F-11D3-BF4B-00C04F79EFBC}") = "Adapt.PresentationSamples.iOS", "Adapt.PresentationSamples.iOS\Adapt.PresentationSamples.iOS.csproj", "{ADE5BE45-7179-4D87-BCCC-9FAE588F371A}"
EndProject
Project("{FAE04EC0-301F-11D3-BF4B-00C04F79EFBC}") = "Adapt.PresentationSamples.Standard", "Adapt.PresentationSamples.Standard\Adapt.PresentationSamples.Standard.csproj", "{9A1ED959-56BE-48DB-BD07-545B00242318}"
EndProject
Project("{2150E333-8FDC-42A3-9474-1A3956D46DE8}") = "Samples", "Samples", "{A403AA34-D008-413E-83F0-D3243B780FA9}"
EndProject
Project("{FAE04EC0-301F-11D3-BF4B-00C04F79EFBC}") = "Adapt.Presentation.UWP", "Adapt.Presentation.UWP\Adapt.Presentation.UWP.csproj", "{D39E1518-1F39-4685-9E9C-446025D05F93}"
EndProject
Project("{FAE04EC0-301F-11D3-BF4B-00C04F79EFBC}") = "Adapt.Presentation.iOS", "Adapt.Presentation.iOS\Adapt.Presentation.iOS.csproj", "{141D8FBE-DC38-49F8-8CFB-8029D30ADB15}"
EndProject
Project("{2150E333-8FDC-42A3-9474-1A3956D46DE8}") = "Platforms", "Platforms", "{43D1A6EA-6DBF-4930-8D75-AD758A327B27}"
EndProject
Project("{FAE04EC0-301F-11D3-BF4B-00C04F79EFBC}") = "Adapt.Presentation.Android", "Adapt.Presentation.Android\Adapt.Presentation.Android.csproj", "{9E4E6901-AC34-4FD2-A88C-DF4BF9CBB843}"
EndProject
Project("{FAE04EC0-301F-11D3-BF4B-00C04F79EFBC}") = "Adapt.PresentationSamples.Droid", "Adapt.PresentationSamples.Droid\Adapt.PresentationSamples.Droid.csproj", "{6BB44328-00E5-430B-9048-E4C2E1BBD2B9}"
EndProject
Project("{FAE04EC0-301F-11D3-BF4B-00C04F79EFBC}") = "Adapt.PresentationSamples.UWP", "Adapt.PresentationSamples.UWP\Adapt.PresentationSamples.UWP.csproj", "{C63C5247-D337-4525-A705-42366FA1A05D}"
EndProject
Project("{FAE04EC0-301F-11D3-BF4B-00C04F79EFBC}") = "Adapt.Presentation.Standard", "Adapt.Presentation.Standard\Adapt.Presentation.Standard.csproj", "{DBC98916-4E18-40FF-833D-AF318DA6A1D0}"
EndProject
Project("{2150E333-8FDC-42A3-9474-1A3956D46DE8}") = "Xamarin.Forms", "Xamarin.Forms", "{7ED2DF00-9829-4962-8491-498D8E622824}"
EndProject
Project("{FAE04EC0-301F-11D3-BF4B-00C04F79EFBC}") = "Xamarin.Forms.Core", "..\Xamarin.Forms\Xamarin.Forms.Core\Xamarin.Forms.Core.csproj", "{57B8B73D-C3B5-4C42-869E-7B2F17D354AC}"
EndProject
Project("{FAE04EC0-301F-11D3-BF4B-00C04F79EFBC}") = "Xamarin.Forms.Xaml", "..\Xamarin.Forms\Xamarin.Forms.Xaml\Xamarin.Forms.Xaml.csproj", "{9DB2F292-8034-4E06-89AD-98BBDA4306B9}"
EndProject
Project("{FAE04EC0-301F-11D3-BF4B-00C04F79EFBC}") = "Xamarin.Forms.Platform", "..\Xamarin.Forms\Xamarin.Forms.Platform\Xamarin.Forms.Platform.csproj", "{67F9D3A8-F71E-4428-913F-C37AE82CDB24}"
EndProject
Project("{FAE04EC0-301F-11D3-BF4B-00C04F79EFBC}") = "Xamarin.Forms.Platform.UAP", "..\Xamarin.Forms\Xamarin.Forms.Platform.UAP\Xamarin.Forms.Platform.UAP.csproj", "{00D8D049-FFAA-4759-8FC9-1ECA30777F72}"
EndProject
Global
	GlobalSection(SolutionConfigurationPlatforms) = preSolution
		Debug|Any CPU = Debug|Any CPU
		Debug|ARM = Debug|ARM
		Debug|iPhone = Debug|iPhone
		Debug|iPhoneSimulator = Debug|iPhoneSimulator
		Debug|x64 = Debug|x64
		Debug|x86 = Debug|x86
		Release|Any CPU = Release|Any CPU
		Release|ARM = Release|ARM
		Release|iPhone = Release|iPhone
		Release|iPhoneSimulator = Release|iPhoneSimulator
		Release|x64 = Release|x64
		Release|x86 = Release|x86
	EndGlobalSection
	GlobalSection(ProjectConfigurationPlatforms) = postSolution
		{ADE5BE45-7179-4D87-BCCC-9FAE588F371A}.Debug|Any CPU.ActiveCfg = Debug|iPhone
		{ADE5BE45-7179-4D87-BCCC-9FAE588F371A}.Debug|Any CPU.Build.0 = Debug|iPhone
		{ADE5BE45-7179-4D87-BCCC-9FAE588F371A}.Debug|Any CPU.Deploy.0 = Debug|iPhone
		{ADE5BE45-7179-4D87-BCCC-9FAE588F371A}.Debug|ARM.ActiveCfg = Debug|iPhone
		{ADE5BE45-7179-4D87-BCCC-9FAE588F371A}.Debug|iPhone.ActiveCfg = Debug|iPhone
		{ADE5BE45-7179-4D87-BCCC-9FAE588F371A}.Debug|iPhone.Build.0 = Debug|iPhone
		{ADE5BE45-7179-4D87-BCCC-9FAE588F371A}.Debug|iPhoneSimulator.ActiveCfg = Debug|iPhoneSimulator
		{ADE5BE45-7179-4D87-BCCC-9FAE588F371A}.Debug|iPhoneSimulator.Build.0 = Debug|iPhoneSimulator
		{ADE5BE45-7179-4D87-BCCC-9FAE588F371A}.Debug|x64.ActiveCfg = Debug|iPhone
		{ADE5BE45-7179-4D87-BCCC-9FAE588F371A}.Debug|x86.ActiveCfg = Debug|iPhone
		{ADE5BE45-7179-4D87-BCCC-9FAE588F371A}.Release|Any CPU.ActiveCfg = Release|iPhone
		{ADE5BE45-7179-4D87-BCCC-9FAE588F371A}.Release|ARM.ActiveCfg = Release|iPhone
		{ADE5BE45-7179-4D87-BCCC-9FAE588F371A}.Release|iPhone.ActiveCfg = Release|iPhone
		{ADE5BE45-7179-4D87-BCCC-9FAE588F371A}.Release|iPhone.Build.0 = Release|iPhone
		{ADE5BE45-7179-4D87-BCCC-9FAE588F371A}.Release|iPhoneSimulator.ActiveCfg = Release|iPhoneSimulator
		{ADE5BE45-7179-4D87-BCCC-9FAE588F371A}.Release|iPhoneSimulator.Build.0 = Release|iPhoneSimulator
		{ADE5BE45-7179-4D87-BCCC-9FAE588F371A}.Release|x64.ActiveCfg = Release|iPhone
		{ADE5BE45-7179-4D87-BCCC-9FAE588F371A}.Release|x86.ActiveCfg = Release|iPhone
		{9A1ED959-56BE-48DB-BD07-545B00242318}.Debug|Any CPU.ActiveCfg = Debug|Any CPU
		{9A1ED959-56BE-48DB-BD07-545B00242318}.Debug|Any CPU.Build.0 = Debug|Any CPU
		{9A1ED959-56BE-48DB-BD07-545B00242318}.Debug|ARM.ActiveCfg = Debug|Any CPU
		{9A1ED959-56BE-48DB-BD07-545B00242318}.Debug|ARM.Build.0 = Debug|Any CPU
		{9A1ED959-56BE-48DB-BD07-545B00242318}.Debug|iPhone.ActiveCfg = Debug|Any CPU
		{9A1ED959-56BE-48DB-BD07-545B00242318}.Debug|iPhone.Build.0 = Debug|Any CPU
		{9A1ED959-56BE-48DB-BD07-545B00242318}.Debug|iPhoneSimulator.ActiveCfg = Debug|Any CPU
		{9A1ED959-56BE-48DB-BD07-545B00242318}.Debug|iPhoneSimulator.Build.0 = Debug|Any CPU
		{9A1ED959-56BE-48DB-BD07-545B00242318}.Debug|x64.ActiveCfg = Debug|Any CPU
		{9A1ED959-56BE-48DB-BD07-545B00242318}.Debug|x64.Build.0 = Debug|Any CPU
		{9A1ED959-56BE-48DB-BD07-545B00242318}.Debug|x86.ActiveCfg = Debug|x86
		{9A1ED959-56BE-48DB-BD07-545B00242318}.Debug|x86.Build.0 = Debug|x86
		{9A1ED959-56BE-48DB-BD07-545B00242318}.Release|Any CPU.ActiveCfg = Release|Any CPU
		{9A1ED959-56BE-48DB-BD07-545B00242318}.Release|Any CPU.Build.0 = Release|Any CPU
		{9A1ED959-56BE-48DB-BD07-545B00242318}.Release|ARM.ActiveCfg = Release|Any CPU
		{9A1ED959-56BE-48DB-BD07-545B00242318}.Release|ARM.Build.0 = Release|Any CPU
		{9A1ED959-56BE-48DB-BD07-545B00242318}.Release|iPhone.ActiveCfg = Release|Any CPU
		{9A1ED959-56BE-48DB-BD07-545B00242318}.Release|iPhone.Build.0 = Release|Any CPU
		{9A1ED959-56BE-48DB-BD07-545B00242318}.Release|iPhoneSimulator.ActiveCfg = Release|Any CPU
		{9A1ED959-56BE-48DB-BD07-545B00242318}.Release|iPhoneSimulator.Build.0 = Release|Any CPU
		{9A1ED959-56BE-48DB-BD07-545B00242318}.Release|x64.ActiveCfg = Release|Any CPU
		{9A1ED959-56BE-48DB-BD07-545B00242318}.Release|x64.Build.0 = Release|Any CPU
		{9A1ED959-56BE-48DB-BD07-545B00242318}.Release|x86.ActiveCfg = Release|x86
		{9A1ED959-56BE-48DB-BD07-545B00242318}.Release|x86.Build.0 = Release|x86
		{D39E1518-1F39-4685-9E9C-446025D05F93}.Debug|Any CPU.ActiveCfg = Debug|x86
		{D39E1518-1F39-4685-9E9C-446025D05F93}.Debug|Any CPU.Build.0 = Debug|x86
		{D39E1518-1F39-4685-9E9C-446025D05F93}.Debug|ARM.ActiveCfg = Debug|ARM
		{D39E1518-1F39-4685-9E9C-446025D05F93}.Debug|ARM.Build.0 = Debug|ARM
		{D39E1518-1F39-4685-9E9C-446025D05F93}.Debug|iPhone.ActiveCfg = Debug|Any CPU
		{D39E1518-1F39-4685-9E9C-446025D05F93}.Debug|iPhone.Build.0 = Debug|Any CPU
		{D39E1518-1F39-4685-9E9C-446025D05F93}.Debug|iPhoneSimulator.ActiveCfg = Debug|Any CPU
		{D39E1518-1F39-4685-9E9C-446025D05F93}.Debug|iPhoneSimulator.Build.0 = Debug|Any CPU
		{D39E1518-1F39-4685-9E9C-446025D05F93}.Debug|x64.ActiveCfg = Debug|x64
		{D39E1518-1F39-4685-9E9C-446025D05F93}.Debug|x64.Build.0 = Debug|x64
		{D39E1518-1F39-4685-9E9C-446025D05F93}.Debug|x86.ActiveCfg = Debug|x86
		{D39E1518-1F39-4685-9E9C-446025D05F93}.Debug|x86.Build.0 = Debug|x86
		{D39E1518-1F39-4685-9E9C-446025D05F93}.Release|Any CPU.ActiveCfg = Release|Any CPU
		{D39E1518-1F39-4685-9E9C-446025D05F93}.Release|Any CPU.Build.0 = Release|Any CPU
		{D39E1518-1F39-4685-9E9C-446025D05F93}.Release|ARM.ActiveCfg = Release|ARM
		{D39E1518-1F39-4685-9E9C-446025D05F93}.Release|ARM.Build.0 = Release|ARM
		{D39E1518-1F39-4685-9E9C-446025D05F93}.Release|iPhone.ActiveCfg = Release|Any CPU
		{D39E1518-1F39-4685-9E9C-446025D05F93}.Release|iPhone.Build.0 = Release|Any CPU
		{D39E1518-1F39-4685-9E9C-446025D05F93}.Release|iPhoneSimulator.ActiveCfg = Release|Any CPU
		{D39E1518-1F39-4685-9E9C-446025D05F93}.Release|iPhoneSimulator.Build.0 = Release|Any CPU
		{D39E1518-1F39-4685-9E9C-446025D05F93}.Release|x64.ActiveCfg = Release|x64
		{D39E1518-1F39-4685-9E9C-446025D05F93}.Release|x64.Build.0 = Release|x64
		{D39E1518-1F39-4685-9E9C-446025D05F93}.Release|x86.ActiveCfg = Release|x86
		{D39E1518-1F39-4685-9E9C-446025D05F93}.Release|x86.Build.0 = Release|x86
		{141D8FBE-DC38-49F8-8CFB-8029D30ADB15}.Debug|Any CPU.ActiveCfg = Debug|Any CPU
		{141D8FBE-DC38-49F8-8CFB-8029D30ADB15}.Debug|Any CPU.Build.0 = Debug|Any CPU
		{141D8FBE-DC38-49F8-8CFB-8029D30ADB15}.Debug|ARM.ActiveCfg = Debug|Any CPU
		{141D8FBE-DC38-49F8-8CFB-8029D30ADB15}.Debug|ARM.Build.0 = Debug|Any CPU
		{141D8FBE-DC38-49F8-8CFB-8029D30ADB15}.Debug|iPhone.ActiveCfg = Debug|Any CPU
		{141D8FBE-DC38-49F8-8CFB-8029D30ADB15}.Debug|iPhone.Build.0 = Debug|Any CPU
		{141D8FBE-DC38-49F8-8CFB-8029D30ADB15}.Debug|iPhoneSimulator.ActiveCfg = Debug|Any CPU
		{141D8FBE-DC38-49F8-8CFB-8029D30ADB15}.Debug|iPhoneSimulator.Build.0 = Debug|Any CPU
		{141D8FBE-DC38-49F8-8CFB-8029D30ADB15}.Debug|x64.ActiveCfg = Debug|Any CPU
		{141D8FBE-DC38-49F8-8CFB-8029D30ADB15}.Debug|x64.Build.0 = Debug|Any CPU
		{141D8FBE-DC38-49F8-8CFB-8029D30ADB15}.Debug|x86.ActiveCfg = Debug|Any CPU
		{141D8FBE-DC38-49F8-8CFB-8029D30ADB15}.Debug|x86.Build.0 = Debug|Any CPU
		{141D8FBE-DC38-49F8-8CFB-8029D30ADB15}.Release|Any CPU.ActiveCfg = Release|Any CPU
		{141D8FBE-DC38-49F8-8CFB-8029D30ADB15}.Release|Any CPU.Build.0 = Release|Any CPU
		{141D8FBE-DC38-49F8-8CFB-8029D30ADB15}.Release|ARM.ActiveCfg = Release|Any CPU
		{141D8FBE-DC38-49F8-8CFB-8029D30ADB15}.Release|ARM.Build.0 = Release|Any CPU
		{141D8FBE-DC38-49F8-8CFB-8029D30ADB15}.Release|iPhone.ActiveCfg = Release|Any CPU
		{141D8FBE-DC38-49F8-8CFB-8029D30ADB15}.Release|iPhone.Build.0 = Release|Any CPU
		{141D8FBE-DC38-49F8-8CFB-8029D30ADB15}.Release|iPhoneSimulator.ActiveCfg = Release|Any CPU
		{141D8FBE-DC38-49F8-8CFB-8029D30ADB15}.Release|iPhoneSimulator.Build.0 = Release|Any CPU
		{141D8FBE-DC38-49F8-8CFB-8029D30ADB15}.Release|x64.ActiveCfg = Release|Any CPU
		{141D8FBE-DC38-49F8-8CFB-8029D30ADB15}.Release|x64.Build.0 = Release|Any CPU
		{141D8FBE-DC38-49F8-8CFB-8029D30ADB15}.Release|x86.ActiveCfg = Release|Any CPU
		{141D8FBE-DC38-49F8-8CFB-8029D30ADB15}.Release|x86.Build.0 = Release|Any CPU
		{9E4E6901-AC34-4FD2-A88C-DF4BF9CBB843}.Debug|Any CPU.ActiveCfg = Debug|Any CPU
		{9E4E6901-AC34-4FD2-A88C-DF4BF9CBB843}.Debug|Any CPU.Build.0 = Debug|Any CPU
		{9E4E6901-AC34-4FD2-A88C-DF4BF9CBB843}.Debug|ARM.ActiveCfg = Debug|Any CPU
		{9E4E6901-AC34-4FD2-A88C-DF4BF9CBB843}.Debug|ARM.Build.0 = Debug|Any CPU
		{9E4E6901-AC34-4FD2-A88C-DF4BF9CBB843}.Debug|iPhone.ActiveCfg = Debug|Any CPU
		{9E4E6901-AC34-4FD2-A88C-DF4BF9CBB843}.Debug|iPhone.Build.0 = Debug|Any CPU
		{9E4E6901-AC34-4FD2-A88C-DF4BF9CBB843}.Debug|iPhoneSimulator.ActiveCfg = Debug|Any CPU
		{9E4E6901-AC34-4FD2-A88C-DF4BF9CBB843}.Debug|iPhoneSimulator.Build.0 = Debug|Any CPU
		{9E4E6901-AC34-4FD2-A88C-DF4BF9CBB843}.Debug|x64.ActiveCfg = Debug|Any CPU
		{9E4E6901-AC34-4FD2-A88C-DF4BF9CBB843}.Debug|x64.Build.0 = Debug|Any CPU
		{9E4E6901-AC34-4FD2-A88C-DF4BF9CBB843}.Debug|x86.ActiveCfg = Debug|Any CPU
		{9E4E6901-AC34-4FD2-A88C-DF4BF9CBB843}.Debug|x86.Build.0 = Debug|Any CPU
		{9E4E6901-AC34-4FD2-A88C-DF4BF9CBB843}.Release|Any CPU.ActiveCfg = Release|Any CPU
		{9E4E6901-AC34-4FD2-A88C-DF4BF9CBB843}.Release|Any CPU.Build.0 = Release|Any CPU
		{9E4E6901-AC34-4FD2-A88C-DF4BF9CBB843}.Release|ARM.ActiveCfg = Release|Any CPU
		{9E4E6901-AC34-4FD2-A88C-DF4BF9CBB843}.Release|ARM.Build.0 = Release|Any CPU
		{9E4E6901-AC34-4FD2-A88C-DF4BF9CBB843}.Release|iPhone.ActiveCfg = Release|Any CPU
		{9E4E6901-AC34-4FD2-A88C-DF4BF9CBB843}.Release|iPhone.Build.0 = Release|Any CPU
		{9E4E6901-AC34-4FD2-A88C-DF4BF9CBB843}.Release|iPhoneSimulator.ActiveCfg = Release|Any CPU
		{9E4E6901-AC34-4FD2-A88C-DF4BF9CBB843}.Release|iPhoneSimulator.Build.0 = Release|Any CPU
		{9E4E6901-AC34-4FD2-A88C-DF4BF9CBB843}.Release|x64.ActiveCfg = Release|Any CPU
		{9E4E6901-AC34-4FD2-A88C-DF4BF9CBB843}.Release|x64.Build.0 = Release|Any CPU
		{9E4E6901-AC34-4FD2-A88C-DF4BF9CBB843}.Release|x86.ActiveCfg = Release|Any CPU
		{9E4E6901-AC34-4FD2-A88C-DF4BF9CBB843}.Release|x86.Build.0 = Release|Any CPU
		{6BB44328-00E5-430B-9048-E4C2E1BBD2B9}.Debug|Any CPU.ActiveCfg = Debug|Any CPU
		{6BB44328-00E5-430B-9048-E4C2E1BBD2B9}.Debug|Any CPU.Build.0 = Debug|Any CPU
		{6BB44328-00E5-430B-9048-E4C2E1BBD2B9}.Debug|Any CPU.Deploy.0 = Debug|Any CPU
		{6BB44328-00E5-430B-9048-E4C2E1BBD2B9}.Debug|ARM.ActiveCfg = Debug|Any CPU
		{6BB44328-00E5-430B-9048-E4C2E1BBD2B9}.Debug|ARM.Build.0 = Debug|Any CPU
		{6BB44328-00E5-430B-9048-E4C2E1BBD2B9}.Debug|ARM.Deploy.0 = Debug|Any CPU
		{6BB44328-00E5-430B-9048-E4C2E1BBD2B9}.Debug|iPhone.ActiveCfg = Debug|Any CPU
		{6BB44328-00E5-430B-9048-E4C2E1BBD2B9}.Debug|iPhone.Build.0 = Debug|Any CPU
		{6BB44328-00E5-430B-9048-E4C2E1BBD2B9}.Debug|iPhone.Deploy.0 = Debug|Any CPU
		{6BB44328-00E5-430B-9048-E4C2E1BBD2B9}.Debug|iPhoneSimulator.ActiveCfg = Debug|Any CPU
		{6BB44328-00E5-430B-9048-E4C2E1BBD2B9}.Debug|iPhoneSimulator.Build.0 = Debug|Any CPU
		{6BB44328-00E5-430B-9048-E4C2E1BBD2B9}.Debug|iPhoneSimulator.Deploy.0 = Debug|Any CPU
		{6BB44328-00E5-430B-9048-E4C2E1BBD2B9}.Debug|x64.ActiveCfg = Debug|Any CPU
		{6BB44328-00E5-430B-9048-E4C2E1BBD2B9}.Debug|x64.Build.0 = Debug|Any CPU
		{6BB44328-00E5-430B-9048-E4C2E1BBD2B9}.Debug|x64.Deploy.0 = Debug|Any CPU
		{6BB44328-00E5-430B-9048-E4C2E1BBD2B9}.Debug|x86.ActiveCfg = Debug|Any CPU
		{6BB44328-00E5-430B-9048-E4C2E1BBD2B9}.Debug|x86.Build.0 = Debug|Any CPU
		{6BB44328-00E5-430B-9048-E4C2E1BBD2B9}.Debug|x86.Deploy.0 = Debug|Any CPU
		{6BB44328-00E5-430B-9048-E4C2E1BBD2B9}.Release|Any CPU.ActiveCfg = Release|Any CPU
		{6BB44328-00E5-430B-9048-E4C2E1BBD2B9}.Release|Any CPU.Build.0 = Release|Any CPU
		{6BB44328-00E5-430B-9048-E4C2E1BBD2B9}.Release|Any CPU.Deploy.0 = Release|Any CPU
		{6BB44328-00E5-430B-9048-E4C2E1BBD2B9}.Release|ARM.ActiveCfg = Release|Any CPU
		{6BB44328-00E5-430B-9048-E4C2E1BBD2B9}.Release|ARM.Build.0 = Release|Any CPU
		{6BB44328-00E5-430B-9048-E4C2E1BBD2B9}.Release|ARM.Deploy.0 = Release|Any CPU
		{6BB44328-00E5-430B-9048-E4C2E1BBD2B9}.Release|iPhone.ActiveCfg = Release|Any CPU
		{6BB44328-00E5-430B-9048-E4C2E1BBD2B9}.Release|iPhone.Build.0 = Release|Any CPU
		{6BB44328-00E5-430B-9048-E4C2E1BBD2B9}.Release|iPhone.Deploy.0 = Release|Any CPU
		{6BB44328-00E5-430B-9048-E4C2E1BBD2B9}.Release|iPhoneSimulator.ActiveCfg = Release|Any CPU
		{6BB44328-00E5-430B-9048-E4C2E1BBD2B9}.Release|iPhoneSimulator.Build.0 = Release|Any CPU
		{6BB44328-00E5-430B-9048-E4C2E1BBD2B9}.Release|iPhoneSimulator.Deploy.0 = Release|Any CPU
		{6BB44328-00E5-430B-9048-E4C2E1BBD2B9}.Release|x64.ActiveCfg = Release|Any CPU
		{6BB44328-00E5-430B-9048-E4C2E1BBD2B9}.Release|x64.Build.0 = Release|Any CPU
		{6BB44328-00E5-430B-9048-E4C2E1BBD2B9}.Release|x64.Deploy.0 = Release|Any CPU
		{6BB44328-00E5-430B-9048-E4C2E1BBD2B9}.Release|x86.ActiveCfg = Release|Any CPU
		{6BB44328-00E5-430B-9048-E4C2E1BBD2B9}.Release|x86.Build.0 = Release|Any CPU
		{6BB44328-00E5-430B-9048-E4C2E1BBD2B9}.Release|x86.Deploy.0 = Release|Any CPU
		{C63C5247-D337-4525-A705-42366FA1A05D}.Debug|Any CPU.ActiveCfg = Debug|x86
		{C63C5247-D337-4525-A705-42366FA1A05D}.Debug|Any CPU.Build.0 = Debug|x86
		{C63C5247-D337-4525-A705-42366FA1A05D}.Debug|Any CPU.Deploy.0 = Debug|x86
		{C63C5247-D337-4525-A705-42366FA1A05D}.Debug|ARM.ActiveCfg = Debug|ARM
		{C63C5247-D337-4525-A705-42366FA1A05D}.Debug|ARM.Build.0 = Debug|ARM
		{C63C5247-D337-4525-A705-42366FA1A05D}.Debug|ARM.Deploy.0 = Debug|ARM
		{C63C5247-D337-4525-A705-42366FA1A05D}.Debug|iPhone.ActiveCfg = Debug|x86
		{C63C5247-D337-4525-A705-42366FA1A05D}.Debug|iPhone.Build.0 = Debug|x86
		{C63C5247-D337-4525-A705-42366FA1A05D}.Debug|iPhone.Deploy.0 = Debug|x86
		{C63C5247-D337-4525-A705-42366FA1A05D}.Debug|iPhoneSimulator.ActiveCfg = Debug|x86
		{C63C5247-D337-4525-A705-42366FA1A05D}.Debug|iPhoneSimulator.Build.0 = Debug|x86
		{C63C5247-D337-4525-A705-42366FA1A05D}.Debug|iPhoneSimulator.Deploy.0 = Debug|x86
		{C63C5247-D337-4525-A705-42366FA1A05D}.Debug|x64.ActiveCfg = Debug|x64
		{C63C5247-D337-4525-A705-42366FA1A05D}.Debug|x64.Build.0 = Debug|x64
		{C63C5247-D337-4525-A705-42366FA1A05D}.Debug|x64.Deploy.0 = Debug|x64
		{C63C5247-D337-4525-A705-42366FA1A05D}.Debug|x86.ActiveCfg = Debug|x86
		{C63C5247-D337-4525-A705-42366FA1A05D}.Debug|x86.Build.0 = Debug|x86
		{C63C5247-D337-4525-A705-42366FA1A05D}.Debug|x86.Deploy.0 = Debug|x86
		{C63C5247-D337-4525-A705-42366FA1A05D}.Release|Any CPU.ActiveCfg = Release|x86
		{C63C5247-D337-4525-A705-42366FA1A05D}.Release|Any CPU.Build.0 = Release|x86
		{C63C5247-D337-4525-A705-42366FA1A05D}.Release|Any CPU.Deploy.0 = Release|x86
		{C63C5247-D337-4525-A705-42366FA1A05D}.Release|ARM.ActiveCfg = Release|ARM
		{C63C5247-D337-4525-A705-42366FA1A05D}.Release|ARM.Build.0 = Release|ARM
		{C63C5247-D337-4525-A705-42366FA1A05D}.Release|ARM.Deploy.0 = Release|ARM
		{C63C5247-D337-4525-A705-42366FA1A05D}.Release|iPhone.ActiveCfg = Release|x86
		{C63C5247-D337-4525-A705-42366FA1A05D}.Release|iPhoneSimulator.ActiveCfg = Release|x86
		{C63C5247-D337-4525-A705-42366FA1A05D}.Release|x64.ActiveCfg = Release|x64
		{C63C5247-D337-4525-A705-42366FA1A05D}.Release|x64.Build.0 = Release|x64
		{C63C5247-D337-4525-A705-42366FA1A05D}.Release|x64.Deploy.0 = Release|x64
		{C63C5247-D337-4525-A705-42366FA1A05D}.Release|x86.ActiveCfg = Release|x86
		{C63C5247-D337-4525-A705-42366FA1A05D}.Release|x86.Build.0 = Release|x86
		{C63C5247-D337-4525-A705-42366FA1A05D}.Release|x86.Deploy.0 = Release|x86
		{DBC98916-4E18-40FF-833D-AF318DA6A1D0}.Debug|Any CPU.ActiveCfg = Debug|Any CPU
		{DBC98916-4E18-40FF-833D-AF318DA6A1D0}.Debug|Any CPU.Build.0 = Debug|Any CPU
		{DBC98916-4E18-40FF-833D-AF318DA6A1D0}.Debug|ARM.ActiveCfg = Debug|Any CPU
		{DBC98916-4E18-40FF-833D-AF318DA6A1D0}.Debug|ARM.Build.0 = Debug|Any CPU
		{DBC98916-4E18-40FF-833D-AF318DA6A1D0}.Debug|iPhone.ActiveCfg = Debug|Any CPU
		{DBC98916-4E18-40FF-833D-AF318DA6A1D0}.Debug|iPhone.Build.0 = Debug|Any CPU
		{DBC98916-4E18-40FF-833D-AF318DA6A1D0}.Debug|iPhoneSimulator.ActiveCfg = Debug|Any CPU
		{DBC98916-4E18-40FF-833D-AF318DA6A1D0}.Debug|iPhoneSimulator.Build.0 = Debug|Any CPU
		{DBC98916-4E18-40FF-833D-AF318DA6A1D0}.Debug|x64.ActiveCfg = Debug|Any CPU
		{DBC98916-4E18-40FF-833D-AF318DA6A1D0}.Debug|x64.Build.0 = Debug|Any CPU
		{DBC98916-4E18-40FF-833D-AF318DA6A1D0}.Debug|x86.ActiveCfg = Debug|x86
		{DBC98916-4E18-40FF-833D-AF318DA6A1D0}.Debug|x86.Build.0 = Debug|x86
		{DBC98916-4E18-40FF-833D-AF318DA6A1D0}.Release|Any CPU.ActiveCfg = Release|Any CPU
		{DBC98916-4E18-40FF-833D-AF318DA6A1D0}.Release|Any CPU.Build.0 = Release|Any CPU
		{DBC98916-4E18-40FF-833D-AF318DA6A1D0}.Release|ARM.ActiveCfg = Release|Any CPU
		{DBC98916-4E18-40FF-833D-AF318DA6A1D0}.Release|ARM.Build.0 = Release|Any CPU
		{DBC98916-4E18-40FF-833D-AF318DA6A1D0}.Release|iPhone.ActiveCfg = Release|Any CPU
		{DBC98916-4E18-40FF-833D-AF318DA6A1D0}.Release|iPhone.Build.0 = Release|Any CPU
		{DBC98916-4E18-40FF-833D-AF318DA6A1D0}.Release|iPhoneSimulator.ActiveCfg = Release|Any CPU
		{DBC98916-4E18-40FF-833D-AF318DA6A1D0}.Release|iPhoneSimulator.Build.0 = Release|Any CPU
		{DBC98916-4E18-40FF-833D-AF318DA6A1D0}.Release|x64.ActiveCfg = Release|Any CPU
		{DBC98916-4E18-40FF-833D-AF318DA6A1D0}.Release|x64.Build.0 = Release|Any CPU
		{DBC98916-4E18-40FF-833D-AF318DA6A1D0}.Release|x86.ActiveCfg = Release|x86
		{DBC98916-4E18-40FF-833D-AF318DA6A1D0}.Release|x86.Build.0 = Release|x86
		{57B8B73D-C3B5-4C42-869E-7B2F17D354AC}.Debug|Any CPU.ActiveCfg = Debug|Any CPU
		{57B8B73D-C3B5-4C42-869E-7B2F17D354AC}.Debug|Any CPU.Build.0 = Debug|Any CPU
		{57B8B73D-C3B5-4C42-869E-7B2F17D354AC}.Debug|ARM.ActiveCfg = Debug|Any CPU
		{57B8B73D-C3B5-4C42-869E-7B2F17D354AC}.Debug|ARM.Build.0 = Debug|Any CPU
		{57B8B73D-C3B5-4C42-869E-7B2F17D354AC}.Debug|iPhone.ActiveCfg = Debug|Any CPU
		{57B8B73D-C3B5-4C42-869E-7B2F17D354AC}.Debug|iPhone.Build.0 = Debug|Any CPU
		{57B8B73D-C3B5-4C42-869E-7B2F17D354AC}.Debug|iPhoneSimulator.ActiveCfg = Debug|Any CPU
		{57B8B73D-C3B5-4C42-869E-7B2F17D354AC}.Debug|iPhoneSimulator.Build.0 = Debug|Any CPU
		{57B8B73D-C3B5-4C42-869E-7B2F17D354AC}.Debug|x64.ActiveCfg = Debug|Any CPU
		{57B8B73D-C3B5-4C42-869E-7B2F17D354AC}.Debug|x64.Build.0 = Debug|Any CPU
		{57B8B73D-C3B5-4C42-869E-7B2F17D354AC}.Debug|x86.ActiveCfg = Debug|Any CPU
		{57B8B73D-C3B5-4C42-869E-7B2F17D354AC}.Debug|x86.Build.0 = Debug|Any CPU
		{57B8B73D-C3B5-4C42-869E-7B2F17D354AC}.Release|Any CPU.ActiveCfg = Release|Any CPU
		{57B8B73D-C3B5-4C42-869E-7B2F17D354AC}.Release|Any CPU.Build.0 = Release|Any CPU
		{57B8B73D-C3B5-4C42-869E-7B2F17D354AC}.Release|ARM.ActiveCfg = Release|Any CPU
		{57B8B73D-C3B5-4C42-869E-7B2F17D354AC}.Release|ARM.Build.0 = Release|Any CPU
		{57B8B73D-C3B5-4C42-869E-7B2F17D354AC}.Release|iPhone.ActiveCfg = Release|Any CPU
		{57B8B73D-C3B5-4C42-869E-7B2F17D354AC}.Release|iPhone.Build.0 = Release|Any CPU
		{57B8B73D-C3B5-4C42-869E-7B2F17D354AC}.Release|iPhoneSimulator.ActiveCfg = Release|Any CPU
		{57B8B73D-C3B5-4C42-869E-7B2F17D354AC}.Release|iPhoneSimulator.Build.0 = Release|Any CPU
		{57B8B73D-C3B5-4C42-869E-7B2F17D354AC}.Release|x64.ActiveCfg = Release|Any CPU
		{57B8B73D-C3B5-4C42-869E-7B2F17D354AC}.Release|x64.Build.0 = Release|Any CPU
		{57B8B73D-C3B5-4C42-869E-7B2F17D354AC}.Release|x86.ActiveCfg = Release|Any CPU
		{57B8B73D-C3B5-4C42-869E-7B2F17D354AC}.Release|x86.Build.0 = Release|Any CPU
		{9DB2F292-8034-4E06-89AD-98BBDA4306B9}.Debug|Any CPU.ActiveCfg = Debug|Any CPU
		{9DB2F292-8034-4E06-89AD-98BBDA4306B9}.Debug|Any CPU.Build.0 = Debug|Any CPU
		{9DB2F292-8034-4E06-89AD-98BBDA4306B9}.Debug|ARM.ActiveCfg = Debug|Any CPU
		{9DB2F292-8034-4E06-89AD-98BBDA4306B9}.Debug|ARM.Build.0 = Debug|Any CPU
		{9DB2F292-8034-4E06-89AD-98BBDA4306B9}.Debug|iPhone.ActiveCfg = Debug|Any CPU
		{9DB2F292-8034-4E06-89AD-98BBDA4306B9}.Debug|iPhone.Build.0 = Debug|Any CPU
		{9DB2F292-8034-4E06-89AD-98BBDA4306B9}.Debug|iPhoneSimulator.ActiveCfg = Debug|Any CPU
		{9DB2F292-8034-4E06-89AD-98BBDA4306B9}.Debug|iPhoneSimulator.Build.0 = Debug|Any CPU
		{9DB2F292-8034-4E06-89AD-98BBDA4306B9}.Debug|x64.ActiveCfg = Debug|Any CPU
		{9DB2F292-8034-4E06-89AD-98BBDA4306B9}.Debug|x64.Build.0 = Debug|Any CPU
		{9DB2F292-8034-4E06-89AD-98BBDA4306B9}.Debug|x86.ActiveCfg = Debug|Any CPU
		{9DB2F292-8034-4E06-89AD-98BBDA4306B9}.Debug|x86.Build.0 = Debug|Any CPU
		{9DB2F292-8034-4E06-89AD-98BBDA4306B9}.Release|Any CPU.ActiveCfg = Release|Any CPU
		{9DB2F292-8034-4E06-89AD-98BBDA4306B9}.Release|Any CPU.Build.0 = Release|Any CPU
		{9DB2F292-8034-4E06-89AD-98BBDA4306B9}.Release|ARM.ActiveCfg = Release|Any CPU
		{9DB2F292-8034-4E06-89AD-98BBDA4306B9}.Release|ARM.Build.0 = Release|Any CPU
		{9DB2F292-8034-4E06-89AD-98BBDA4306B9}.Release|iPhone.ActiveCfg = Release|Any CPU
		{9DB2F292-8034-4E06-89AD-98BBDA4306B9}.Release|iPhone.Build.0 = Release|Any CPU
		{9DB2F292-8034-4E06-89AD-98BBDA4306B9}.Release|iPhoneSimulator.ActiveCfg = Release|Any CPU
		{9DB2F292-8034-4E06-89AD-98BBDA4306B9}.Release|iPhoneSimulator.Build.0 = Release|Any CPU
		{9DB2F292-8034-4E06-89AD-98BBDA4306B9}.Release|x64.ActiveCfg = Release|Any CPU
		{9DB2F292-8034-4E06-89AD-98BBDA4306B9}.Release|x64.Build.0 = Release|Any CPU
		{9DB2F292-8034-4E06-89AD-98BBDA4306B9}.Release|x86.ActiveCfg = Release|Any CPU
		{9DB2F292-8034-4E06-89AD-98BBDA4306B9}.Release|x86.Build.0 = Release|Any CPU
		{67F9D3A8-F71E-4428-913F-C37AE82CDB24}.Debug|Any CPU.ActiveCfg = Debug|Any CPU
		{67F9D3A8-F71E-4428-913F-C37AE82CDB24}.Debug|Any CPU.Build.0 = Debug|Any CPU
		{67F9D3A8-F71E-4428-913F-C37AE82CDB24}.Debug|ARM.ActiveCfg = Debug|Any CPU
		{67F9D3A8-F71E-4428-913F-C37AE82CDB24}.Debug|ARM.Build.0 = Debug|Any CPU
		{67F9D3A8-F71E-4428-913F-C37AE82CDB24}.Debug|iPhone.ActiveCfg = Debug|Any CPU
		{67F9D3A8-F71E-4428-913F-C37AE82CDB24}.Debug|iPhone.Build.0 = Debug|Any CPU
		{67F9D3A8-F71E-4428-913F-C37AE82CDB24}.Debug|iPhoneSimulator.ActiveCfg = Debug|Any CPU
		{67F9D3A8-F71E-4428-913F-C37AE82CDB24}.Debug|iPhoneSimulator.Build.0 = Debug|Any CPU
		{67F9D3A8-F71E-4428-913F-C37AE82CDB24}.Debug|x64.ActiveCfg = Debug|Any CPU
		{67F9D3A8-F71E-4428-913F-C37AE82CDB24}.Debug|x64.Build.0 = Debug|Any CPU
		{67F9D3A8-F71E-4428-913F-C37AE82CDB24}.Debug|x86.ActiveCfg = Debug|Any CPU
		{67F9D3A8-F71E-4428-913F-C37AE82CDB24}.Debug|x86.Build.0 = Debug|Any CPU
		{67F9D3A8-F71E-4428-913F-C37AE82CDB24}.Release|Any CPU.ActiveCfg = Release|Any CPU
		{67F9D3A8-F71E-4428-913F-C37AE82CDB24}.Release|Any CPU.Build.0 = Release|Any CPU
		{67F9D3A8-F71E-4428-913F-C37AE82CDB24}.Release|ARM.ActiveCfg = Release|Any CPU
		{67F9D3A8-F71E-4428-913F-C37AE82CDB24}.Release|ARM.Build.0 = Release|Any CPU
		{67F9D3A8-F71E-4428-913F-C37AE82CDB24}.Release|iPhone.ActiveCfg = Release|Any CPU
		{67F9D3A8-F71E-4428-913F-C37AE82CDB24}.Release|iPhone.Build.0 = Release|Any CPU
		{67F9D3A8-F71E-4428-913F-C37AE82CDB24}.Release|iPhoneSimulator.ActiveCfg = Release|Any CPU
		{67F9D3A8-F71E-4428-913F-C37AE82CDB24}.Release|iPhoneSimulator.Build.0 = Release|Any CPU
		{67F9D3A8-F71E-4428-913F-C37AE82CDB24}.Release|x64.ActiveCfg = Release|Any CPU
		{67F9D3A8-F71E-4428-913F-C37AE82CDB24}.Release|x64.Build.0 = Release|Any CPU
		{67F9D3A8-F71E-4428-913F-C37AE82CDB24}.Release|x86.ActiveCfg = Release|Any CPU
		{67F9D3A8-F71E-4428-913F-C37AE82CDB24}.Release|x86.Build.0 = Release|Any CPU
		{00D8D049-FFAA-4759-8FC9-1ECA30777F72}.Debug|Any CPU.ActiveCfg = Debug|Any CPU
		{00D8D049-FFAA-4759-8FC9-1ECA30777F72}.Debug|Any CPU.Build.0 = Debug|Any CPU
		{00D8D049-FFAA-4759-8FC9-1ECA30777F72}.Debug|ARM.ActiveCfg = Debug|ARM
		{00D8D049-FFAA-4759-8FC9-1ECA30777F72}.Debug|ARM.Build.0 = Debug|ARM
		{00D8D049-FFAA-4759-8FC9-1ECA30777F72}.Debug|iPhone.ActiveCfg = Debug|Any CPU
		{00D8D049-FFAA-4759-8FC9-1ECA30777F72}.Debug|iPhone.Build.0 = Debug|Any CPU
		{00D8D049-FFAA-4759-8FC9-1ECA30777F72}.Debug|iPhoneSimulator.ActiveCfg = Debug|Any CPU
		{00D8D049-FFAA-4759-8FC9-1ECA30777F72}.Debug|iPhoneSimulator.Build.0 = Debug|Any CPU
		{00D8D049-FFAA-4759-8FC9-1ECA30777F72}.Debug|x64.ActiveCfg = Debug|x64
		{00D8D049-FFAA-4759-8FC9-1ECA30777F72}.Debug|x64.Build.0 = Debug|x64
		{00D8D049-FFAA-4759-8FC9-1ECA30777F72}.Debug|x86.ActiveCfg = Debug|x86
		{00D8D049-FFAA-4759-8FC9-1ECA30777F72}.Debug|x86.Build.0 = Debug|x86
		{00D8D049-FFAA-4759-8FC9-1ECA30777F72}.Release|Any CPU.ActiveCfg = Release|Any CPU
		{00D8D049-FFAA-4759-8FC9-1ECA30777F72}.Release|Any CPU.Build.0 = Release|Any CPU
		{00D8D049-FFAA-4759-8FC9-1ECA30777F72}.Release|ARM.ActiveCfg = Release|ARM
		{00D8D049-FFAA-4759-8FC9-1ECA30777F72}.Release|ARM.Build.0 = Release|ARM
		{00D8D049-FFAA-4759-8FC9-1ECA30777F72}.Release|iPhone.ActiveCfg = Release|Any CPU
		{00D8D049-FFAA-4759-8FC9-1ECA30777F72}.Release|iPhone.Build.0 = Release|Any CPU
		{00D8D049-FFAA-4759-8FC9-1ECA30777F72}.Release|iPhoneSimulator.ActiveCfg = Release|Any CPU
		{00D8D049-FFAA-4759-8FC9-1ECA30777F72}.Release|iPhoneSimulator.Build.0 = Release|Any CPU
		{00D8D049-FFAA-4759-8FC9-1ECA30777F72}.Release|x64.ActiveCfg = Release|x64
		{00D8D049-FFAA-4759-8FC9-1ECA30777F72}.Release|x64.Build.0 = Release|x64
		{00D8D049-FFAA-4759-8FC9-1ECA30777F72}.Release|x86.ActiveCfg = Release|x86
		{00D8D049-FFAA-4759-8FC9-1ECA30777F72}.Release|x86.Build.0 = Release|x86
	EndGlobalSection
	GlobalSection(SolutionProperties) = preSolution
		HideSolutionNode = FALSE
	EndGlobalSection
	GlobalSection(NestedProjects) = preSolution
		{ADE5BE45-7179-4D87-BCCC-9FAE588F371A} = {A403AA34-D008-413E-83F0-D3243B780FA9}
		{9A1ED959-56BE-48DB-BD07-545B00242318} = {A403AA34-D008-413E-83F0-D3243B780FA9}
		{D39E1518-1F39-4685-9E9C-446025D05F93} = {43D1A6EA-6DBF-4930-8D75-AD758A327B27}
		{141D8FBE-DC38-49F8-8CFB-8029D30ADB15} = {43D1A6EA-6DBF-4930-8D75-AD758A327B27}
		{9E4E6901-AC34-4FD2-A88C-DF4BF9CBB843} = {43D1A6EA-6DBF-4930-8D75-AD758A327B27}
		{6BB44328-00E5-430B-9048-E4C2E1BBD2B9} = {A403AA34-D008-413E-83F0-D3243B780FA9}
		{C63C5247-D337-4525-A705-42366FA1A05D} = {A403AA34-D008-413E-83F0-D3243B780FA9}
		{57B8B73D-C3B5-4C42-869E-7B2F17D354AC} = {7ED2DF00-9829-4962-8491-498D8E622824}
		{9DB2F292-8034-4E06-89AD-98BBDA4306B9} = {7ED2DF00-9829-4962-8491-498D8E622824}
		{67F9D3A8-F71E-4428-913F-C37AE82CDB24} = {7ED2DF00-9829-4962-8491-498D8E622824}
		{00D8D049-FFAA-4759-8FC9-1ECA30777F72} = {7ED2DF00-9829-4962-8491-498D8E622824}
	EndGlobalSection
	GlobalSection(ExtensibilityGlobals) = postSolution
		SolutionGuid = {215F1265-981B-40B7-9FA6-229A422D20C0}
	EndGlobalSection
EndGlobal
